
Microsoft Visual Studio Solution File, Format Version 12.00
# Visual Studio 15
VisualStudioVersion = 15.0.27703.2035
MinimumVisualStudioVersion = 10.0.40219.1
Project("{FAE04EC0-301F-11D3-BF4B-00C04F79EFBC}") = "ManualConnectedCiotola", "ManualConnectedCiotola\ManualConnectedCiotola.csproj", "{2ADD1C7C-01E2-4629-BBAD-B98BDF143E1D}"
EndProject
Project("{FAE04EC0-301F-11D3-BF4B-00C04F79EFBC}") = "SmartphoneApp", "SmartphoneApp\SmartphoneApp.csproj", "{772E9B07-CEED-44D9-B34C-0AD3F1025D8C}"
EndProject
Global
	GlobalSection(SolutionConfigurationPlatforms) = preSolution
		Debug|Any CPU = Debug|Any CPU
		Release|Any CPU = Release|Any CPU
	EndGlobalSection
	GlobalSection(ProjectConfigurationPlatforms) = postSolution
		{2ADD1C7C-01E2-4629-BBAD-B98BDF143E1D}.Debug|Any CPU.ActiveCfg = Debug|Any CPU
		{2ADD1C7C-01E2-4629-BBAD-B98BDF143E1D}.Debug|Any CPU.Build.0 = Debug|Any CPU
		{2ADD1C7C-01E2-4629-BBAD-B98BDF143E1D}.Release|Any CPU.ActiveCfg = Release|Any CPU
		{2ADD1C7C-01E2-4629-BBAD-B98BDF143E1D}.Release|Any CPU.Build.0 = Release|Any CPU
		{772E9B07-CEED-44D9-B34C-0AD3F1025D8C}.Debug|Any CPU.ActiveCfg = Debug|Any CPU
		{772E9B07-CEED-44D9-B34C-0AD3F1025D8C}.Debug|Any CPU.Build.0 = Debug|Any CPU
		{772E9B07-CEED-44D9-B34C-0AD3F1025D8C}.Release|Any CPU.ActiveCfg = Release|Any CPU
		{772E9B07-CEED-44D9-B34C-0AD3F1025D8C}.Release|Any CPU.Build.0 = Release|Any CPU
	EndGlobalSection
	GlobalSection(SolutionProperties) = preSolution
		HideSolutionNode = FALSE
	EndGlobalSection
	GlobalSection(ExtensibilityGlobals) = postSolution
		SolutionGuid = {0C378586-71F0-4676-8951-278F166EC036}
	EndGlobalSection
EndGlobal
